
Microsoft Visual Studio Solution File, Format Version 12.00
# Visual Studio Version 17
VisualStudioVersion = 17.0.32112.339
MinimumVisualStudioVersion = 10.0.40219.1
Project("{FAE04EC0-301F-11D3-BF4B-00C04F79EFBC}") = "Roundpay_Robo", "Roundpay_Robo\Roundpay_Robo.csproj", "{D17CE071-17FC-4F1B-9DA1-D6A0CAD1B0DB}"
EndProject
Global
	GlobalSection(SolutionConfigurationPlatforms) = preSolution
		Debug|Any CPU = Debug|Any CPU
		Release|Any CPU = Release|Any CPU
	EndGlobalSection
	GlobalSection(ProjectConfigurationPlatforms) = postSolution
		{D17CE071-17FC-4F1B-9DA1-D6A0CAD1B0DB}.Debug|Any CPU.ActiveCfg = Debug|Any CPU
		{D17CE071-17FC-4F1B-9DA1-D6A0CAD1B0DB}.Debug|Any CPU.Build.0 = Debug|Any CPU
		{D17CE071-17FC-4F1B-9DA1-D6A0CAD1B0DB}.Release|Any CPU.ActiveCfg = Release|Any CPU
		{D17CE071-17FC-4F1B-9DA1-D6A0CAD1B0DB}.Release|Any CPU.Build.0 = Release|Any CPU
	EndGlobalSection
	GlobalSection(SolutionProperties) = preSolution
		HideSolutionNode = FALSE
	EndGlobalSection
	GlobalSection(ExtensibilityGlobals) = postSolution
		SolutionGuid = {550786AC-02A7-4462-B21B-37F92DA970C7}
	EndGlobalSection
EndGlobal
